
Microsoft Visual Studio Solution File, Format Version 12.00
# Visual Studio Version 16
VisualStudioVersion = 16.0.30711.63
MinimumVisualStudioVersion = 15.0.26124.0
Project("{2150E333-8FDC-42A3-9474-1A3956D46DE8}") = "src", "src", "{99C57C30-22C3-4430-BA4D-9B2A01AEEA9F}"
EndProject
Project("{9A19103F-16F7-4668-BE54-9A1E7A4F7556}") = "ConsultingProject.Core", "src\ConsultingProject.Core\ConsultingProject.Core.csproj", "{99F184C7-6BF7-4823-8F20-7A2D2EC2BFC9}"
EndProject
Project("{9A19103F-16F7-4668-BE54-9A1E7A4F7556}") = "ConsultingProject.Infrastructure", "src\ConsultingProject.Infrastructure\ConsultingProject.Infrastructure.csproj", "{7F5D2AD2-628F-4A19-AACC-354F9AC550D6}"
EndProject
Project("{9A19103F-16F7-4668-BE54-9A1E7A4F7556}") = "ConsultingProject.Web", "src\ConsultingProject.Web\ConsultingProject.Web.csproj", "{9F0AEFE5-A98F-4F2B-AB26-20B2C716D57D}"
EndProject
Project("{2150E333-8FDC-42A3-9474-1A3956D46DE8}") = "01.UI", "01.UI", "{2673D1CB-D455-47C1-A460-302147C68161}"
EndProject
Project("{2150E333-8FDC-42A3-9474-1A3956D46DE8}") = "02.Infraestructure", "02.Infraestructure", "{A7938D39-417D-49A4-B347-B93CDFA84880}"
EndProject
Project("{2150E333-8FDC-42A3-9474-1A3956D46DE8}") = "03.Core", "03.Core", "{2A0BBEB0-CAA7-4C16-BF5A-DDBBE2AB177B}"
EndProject
Global
	GlobalSection(SolutionConfigurationPlatforms) = preSolution
		Debug|Any CPU = Debug|Any CPU
		Debug|x64 = Debug|x64
		Debug|x86 = Debug|x86
		Release|Any CPU = Release|Any CPU
		Release|x64 = Release|x64
		Release|x86 = Release|x86
	EndGlobalSection
	GlobalSection(ProjectConfigurationPlatforms) = postSolution
		{99F184C7-6BF7-4823-8F20-7A2D2EC2BFC9}.Debug|Any CPU.ActiveCfg = Debug|Any CPU
		{99F184C7-6BF7-4823-8F20-7A2D2EC2BFC9}.Debug|Any CPU.Build.0 = Debug|Any CPU
		{99F184C7-6BF7-4823-8F20-7A2D2EC2BFC9}.Debug|x64.ActiveCfg = Debug|Any CPU
		{99F184C7-6BF7-4823-8F20-7A2D2EC2BFC9}.Debug|x64.Build.0 = Debug|Any CPU
		{99F184C7-6BF7-4823-8F20-7A2D2EC2BFC9}.Debug|x86.ActiveCfg = Debug|Any CPU
		{99F184C7-6BF7-4823-8F20-7A2D2EC2BFC9}.Debug|x86.Build.0 = Debug|Any CPU
		{99F184C7-6BF7-4823-8F20-7A2D2EC2BFC9}.Release|Any CPU.ActiveCfg = Release|Any CPU
		{99F184C7-6BF7-4823-8F20-7A2D2EC2BFC9}.Release|Any CPU.Build.0 = Release|Any CPU
		{99F184C7-6BF7-4823-8F20-7A2D2EC2BFC9}.Release|x64.ActiveCfg = Release|Any CPU
		{99F184C7-6BF7-4823-8F20-7A2D2EC2BFC9}.Release|x64.Build.0 = Release|Any CPU
		{99F184C7-6BF7-4823-8F20-7A2D2EC2BFC9}.Release|x86.ActiveCfg = Release|Any CPU
		{99F184C7-6BF7-4823-8F20-7A2D2EC2BFC9}.Release|x86.Build.0 = Release|Any CPU
		{7F5D2AD2-628F-4A19-AACC-354F9AC550D6}.Debug|Any CPU.ActiveCfg = Debug|Any CPU
		{7F5D2AD2-628F-4A19-AACC-354F9AC550D6}.Debug|Any CPU.Build.0 = Debug|Any CPU
		{7F5D2AD2-628F-4A19-AACC-354F9AC550D6}.Debug|x64.ActiveCfg = Debug|Any CPU
		{7F5D2AD2-628F-4A19-AACC-354F9AC550D6}.Debug|x64.Build.0 = Debug|Any CPU
		{7F5D2AD2-628F-4A19-AACC-354F9AC550D6}.Debug|x86.ActiveCfg = Debug|Any CPU
		{7F5D2AD2-628F-4A19-AACC-354F9AC550D6}.Debug|x86.Build.0 = Debug|Any CPU
		{7F5D2AD2-628F-4A19-AACC-354F9AC550D6}.Release|Any CPU.ActiveCfg = Release|Any CPU
		{7F5D2AD2-628F-4A19-AACC-354F9AC550D6}.Release|Any CPU.Build.0 = Release|Any CPU
		{7F5D2AD2-628F-4A19-AACC-354F9AC550D6}.Release|x64.ActiveCfg = Release|Any CPU
		{7F5D2AD2-628F-4A19-AACC-354F9AC550D6}.Release|x64.Build.0 = Release|Any CPU
		{7F5D2AD2-628F-4A19-AACC-354F9AC550D6}.Release|x86.ActiveCfg = Release|Any CPU
		{7F5D2AD2-628F-4A19-AACC-354F9AC550D6}.Release|x86.Build.0 = Release|Any CPU
		{9F0AEFE5-A98F-4F2B-AB26-20B2C716D57D}.Debug|Any CPU.ActiveCfg = Debug|Any CPU
		{9F0AEFE5-A98F-4F2B-AB26-20B2C716D57D}.Debug|Any CPU.Build.0 = Debug|Any CPU
		{9F0AEFE5-A98F-4F2B-AB26-20B2C716D57D}.Debug|x64.ActiveCfg = Debug|Any CPU
		{9F0AEFE5-A98F-4F2B-AB26-20B2C716D57D}.Debug|x64.Build.0 = Debug|Any CPU
		{9F0AEFE5-A98F-4F2B-AB26-20B2C716D57D}.Debug|x86.ActiveCfg = Debug|Any CPU
		{9F0AEFE5-A98F-4F2B-AB26-20B2C716D57D}.Debug|x86.Build.0 = Debug|Any CPU
		{9F0AEFE5-A98F-4F2B-AB26-20B2C716D57D}.Release|Any CPU.ActiveCfg = Release|Any CPU
		{9F0AEFE5-A98F-4F2B-AB26-20B2C716D57D}.Release|Any CPU.Build.0 = Release|Any CPU
		{9F0AEFE5-A98F-4F2B-AB26-20B2C716D57D}.Release|x64.ActiveCfg = Release|Any CPU
		{9F0AEFE5-A98F-4F2B-AB26-20B2C716D57D}.Release|x64.Build.0 = Release|Any CPU
		{9F0AEFE5-A98F-4F2B-AB26-20B2C716D57D}.Release|x86.ActiveCfg = Release|Any CPU
		{9F0AEFE5-A98F-4F2B-AB26-20B2C716D57D}.Release|x86.Build.0 = Release|Any CPU
	EndGlobalSection
	GlobalSection(SolutionProperties) = preSolution
		HideSolutionNode = FALSE
	EndGlobalSection
	GlobalSection(NestedProjects) = preSolution
		{99F184C7-6BF7-4823-8F20-7A2D2EC2BFC9} = {2A0BBEB0-CAA7-4C16-BF5A-DDBBE2AB177B}
		{7F5D2AD2-628F-4A19-AACC-354F9AC550D6} = {A7938D39-417D-49A4-B347-B93CDFA84880}
		{9F0AEFE5-A98F-4F2B-AB26-20B2C716D57D} = {2673D1CB-D455-47C1-A460-302147C68161}
		{2673D1CB-D455-47C1-A460-302147C68161} = {99C57C30-22C3-4430-BA4D-9B2A01AEEA9F}
		{A7938D39-417D-49A4-B347-B93CDFA84880} = {99C57C30-22C3-4430-BA4D-9B2A01AEEA9F}
		{2A0BBEB0-CAA7-4C16-BF5A-DDBBE2AB177B} = {99C57C30-22C3-4430-BA4D-9B2A01AEEA9F}
	EndGlobalSection
	GlobalSection(ExtensibilityGlobals) = postSolution
		SolutionGuid = {2D0370CA-C307-46A9-82EE-755F0E631242}
	EndGlobalSection
EndGlobal
